
Microsoft Visual Studio Solution File, Format Version 12.00
# Visual Studio Version 17
VisualStudioVersion = 17.12.35527.113
MinimumVisualStudioVersion = 10.0.40219.1
Project("{2150E333-8FDC-42A3-9474-1A3956D46DE8}") = "src", "src", "{CB251BDF-4FF3-4D98-816B-B5F30CEFE5B2}"
EndProject
Project("{2150E333-8FDC-42A3-9474-1A3956D46DE8}") = "Backend", "Backend", "{3EAF728F-547E-428D-95EC-C46E3F70F3D3}"
EndProject
Project("{2150E333-8FDC-42A3-9474-1A3956D46DE8}") = "Shared", "Shared", "{71E70DC2-2E4A-49A8-9DD8-1F7C4F9BE776}"
EndProject
Project("{2150E333-8FDC-42A3-9474-1A3956D46DE8}") = "tests", "tests", "{E606ED3C-5820-4E0E-90A0-066BF8652218}"
EndProject
Project("{FAE04EC0-301F-11D3-BF4B-00C04F79EFBC}") = "Agro.API", "src\Backend\Agro.API\Agro.API.csproj", "{6448865B-654B-4C1D-9692-140A750D601B}"
EndProject
Project("{FAE04EC0-301F-11D3-BF4B-00C04F79EFBC}") = "Agro.Application", "src\Backend\Agro.Application\Agro.Application.csproj", "{3991378E-BE08-4E9E-B06B-4A4984D83100}"
EndProject
Project("{FAE04EC0-301F-11D3-BF4B-00C04F79EFBC}") = "Agro.Domain", "src\Backend\Agro.Domain\Agro.Domain.csproj", "{C9141045-B851-4868-B60C-82801768603D}"
EndProject
Project("{FAE04EC0-301F-11D3-BF4B-00C04F79EFBC}") = "Agro.Infrastructure", "Agro.Infrastructure\Agro.Infrastructure.csproj", "{53C5CC2F-9B3E-43B6-915F-7C97117A6D89}"
EndProject
Project("{FAE04EC0-301F-11D3-BF4B-00C04F79EFBC}") = "Agro.Communication", "src\Shared\Agro.Communication\Agro.Communication.csproj", "{E651E495-C757-4EE7-A78B-27591D37D1F6}"
EndProject
Project("{FAE04EC0-301F-11D3-BF4B-00C04F79EFBC}") = "Agro.Exceptions", "src\Shared\Agro.Exceptions\Agro.Exceptions.csproj", "{9CC4B67C-26FE-4967-BEB6-7B9BA18B30D2}"
EndProject
Project("{FAE04EC0-301F-11D3-BF4B-00C04F79EFBC}") = "CommonTestUtilities", "tests\CommonTestUtilities\CommonTestUtilities.csproj", "{9011B03D-8F49-4FF5-B734-204E94CAC01A}"
EndProject
Project("{FAE04EC0-301F-11D3-BF4B-00C04F79EFBC}") = "Validators.Test", "tests\Validators.Test\Validators.Test.csproj", "{6FC78D6D-34F0-4754-8066-9DE7CA40567E}"
EndProject
Project("{FAE04EC0-301F-11D3-BF4B-00C04F79EFBC}") = "UseCases.Test", "tests\UseCases.Test\UseCases.Test.csproj", "{85DFE246-D396-492E-9ADB-1C43F5865F77}"
EndProject
Global
	GlobalSection(SolutionConfigurationPlatforms) = preSolution
		Debug|Any CPU = Debug|Any CPU
		Release|Any CPU = Release|Any CPU
	EndGlobalSection
	GlobalSection(ProjectConfigurationPlatforms) = postSolution
		{6448865B-654B-4C1D-9692-140A750D601B}.Debug|Any CPU.ActiveCfg = Debug|Any CPU
		{6448865B-654B-4C1D-9692-140A750D601B}.Debug|Any CPU.Build.0 = Debug|Any CPU
		{6448865B-654B-4C1D-9692-140A750D601B}.Release|Any CPU.ActiveCfg = Release|Any CPU
		{6448865B-654B-4C1D-9692-140A750D601B}.Release|Any CPU.Build.0 = Release|Any CPU
		{3991378E-BE08-4E9E-B06B-4A4984D83100}.Debug|Any CPU.ActiveCfg = Debug|Any CPU
		{3991378E-BE08-4E9E-B06B-4A4984D83100}.Debug|Any CPU.Build.0 = Debug|Any CPU
		{3991378E-BE08-4E9E-B06B-4A4984D83100}.Release|Any CPU.ActiveCfg = Release|Any CPU
		{3991378E-BE08-4E9E-B06B-4A4984D83100}.Release|Any CPU.Build.0 = Release|Any CPU
		{C9141045-B851-4868-B60C-82801768603D}.Debug|Any CPU.ActiveCfg = Debug|Any CPU
		{C9141045-B851-4868-B60C-82801768603D}.Debug|Any CPU.Build.0 = Debug|Any CPU
		{C9141045-B851-4868-B60C-82801768603D}.Release|Any CPU.ActiveCfg = Release|Any CPU
		{C9141045-B851-4868-B60C-82801768603D}.Release|Any CPU.Build.0 = Release|Any CPU
		{53C5CC2F-9B3E-43B6-915F-7C97117A6D89}.Debug|Any CPU.ActiveCfg = Debug|Any CPU
		{53C5CC2F-9B3E-43B6-915F-7C97117A6D89}.Debug|Any CPU.Build.0 = Debug|Any CPU
		{53C5CC2F-9B3E-43B6-915F-7C97117A6D89}.Release|Any CPU.ActiveCfg = Release|Any CPU
		{53C5CC2F-9B3E-43B6-915F-7C97117A6D89}.Release|Any CPU.Build.0 = Release|Any CPU
		{E651E495-C757-4EE7-A78B-27591D37D1F6}.Debug|Any CPU.ActiveCfg = Debug|Any CPU
		{E651E495-C757-4EE7-A78B-27591D37D1F6}.Debug|Any CPU.Build.0 = Debug|Any CPU
		{E651E495-C757-4EE7-A78B-27591D37D1F6}.Release|Any CPU.ActiveCfg = Release|Any CPU
		{E651E495-C757-4EE7-A78B-27591D37D1F6}.Release|Any CPU.Build.0 = Release|Any CPU
		{9CC4B67C-26FE-4967-BEB6-7B9BA18B30D2}.Debug|Any CPU.ActiveCfg = Debug|Any CPU
		{9CC4B67C-26FE-4967-BEB6-7B9BA18B30D2}.Debug|Any CPU.Build.0 = Debug|Any CPU
		{9CC4B67C-26FE-4967-BEB6-7B9BA18B30D2}.Release|Any CPU.ActiveCfg = Release|Any CPU
		{9CC4B67C-26FE-4967-BEB6-7B9BA18B30D2}.Release|Any CPU.Build.0 = Release|Any CPU
		{9011B03D-8F49-4FF5-B734-204E94CAC01A}.Debug|Any CPU.ActiveCfg = Debug|Any CPU
		{9011B03D-8F49-4FF5-B734-204E94CAC01A}.Debug|Any CPU.Build.0 = Debug|Any CPU
		{9011B03D-8F49-4FF5-B734-204E94CAC01A}.Release|Any CPU.ActiveCfg = Release|Any CPU
		{9011B03D-8F49-4FF5-B734-204E94CAC01A}.Release|Any CPU.Build.0 = Release|Any CPU
		{6FC78D6D-34F0-4754-8066-9DE7CA40567E}.Debug|Any CPU.ActiveCfg = Debug|Any CPU
		{6FC78D6D-34F0-4754-8066-9DE7CA40567E}.Debug|Any CPU.Build.0 = Debug|Any CPU
		{6FC78D6D-34F0-4754-8066-9DE7CA40567E}.Release|Any CPU.ActiveCfg = Release|Any CPU
		{6FC78D6D-34F0-4754-8066-9DE7CA40567E}.Release|Any CPU.Build.0 = Release|Any CPU
		{85DFE246-D396-492E-9ADB-1C43F5865F77}.Debug|Any CPU.ActiveCfg = Debug|Any CPU
		{85DFE246-D396-492E-9ADB-1C43F5865F77}.Debug|Any CPU.Build.0 = Debug|Any CPU
		{85DFE246-D396-492E-9ADB-1C43F5865F77}.Release|Any CPU.ActiveCfg = Release|Any CPU
		{85DFE246-D396-492E-9ADB-1C43F5865F77}.Release|Any CPU.Build.0 = Release|Any CPU
	EndGlobalSection
	GlobalSection(SolutionProperties) = preSolution
		HideSolutionNode = FALSE
	EndGlobalSection
	GlobalSection(NestedProjects) = preSolution
		{3EAF728F-547E-428D-95EC-C46E3F70F3D3} = {CB251BDF-4FF3-4D98-816B-B5F30CEFE5B2}
		{71E70DC2-2E4A-49A8-9DD8-1F7C4F9BE776} = {CB251BDF-4FF3-4D98-816B-B5F30CEFE5B2}
		{6448865B-654B-4C1D-9692-140A750D601B} = {3EAF728F-547E-428D-95EC-C46E3F70F3D3}
		{3991378E-BE08-4E9E-B06B-4A4984D83100} = {3EAF728F-547E-428D-95EC-C46E3F70F3D3}
		{C9141045-B851-4868-B60C-82801768603D} = {3EAF728F-547E-428D-95EC-C46E3F70F3D3}
		{53C5CC2F-9B3E-43B6-915F-7C97117A6D89} = {3EAF728F-547E-428D-95EC-C46E3F70F3D3}
		{E651E495-C757-4EE7-A78B-27591D37D1F6} = {71E70DC2-2E4A-49A8-9DD8-1F7C4F9BE776}
		{9CC4B67C-26FE-4967-BEB6-7B9BA18B30D2} = {71E70DC2-2E4A-49A8-9DD8-1F7C4F9BE776}
		{9011B03D-8F49-4FF5-B734-204E94CAC01A} = {E606ED3C-5820-4E0E-90A0-066BF8652218}
		{6FC78D6D-34F0-4754-8066-9DE7CA40567E} = {E606ED3C-5820-4E0E-90A0-066BF8652218}
		{85DFE246-D396-492E-9ADB-1C43F5865F77} = {E606ED3C-5820-4E0E-90A0-066BF8652218}
	EndGlobalSection
EndGlobal
